
Microsoft Visual Studio Solution File, Format Version 12.00
# Visual Studio Version 16
VisualStudioVersion = 16.0.29905.134
MinimumVisualStudioVersion = 10.0.40219.1
Project("{2150E333-8FDC-42A3-9474-1A3956D46DE8}") = "0 - API", "0 - API", "{62175530-D14B-4CA2-A687-3F078079CEA5}"
EndProject
Project("{2150E333-8FDC-42A3-9474-1A3956D46DE8}") = "2 - CrossCutting", "2 - CrossCutting", "{09F67C90-338D-43C0-8AEA-7FBB17D32FE6}"
EndProject
Project("{2150E333-8FDC-42A3-9474-1A3956D46DE8}") = "1 - Domain", "1 - Domain", "{D9E5FCBD-04D1-4376-9F4E-21721EB0026E}"
EndProject
Project("{9A19103F-16F7-4668-BE54-9A1E7A4F7556}") = "CMA.ISMAI.Delivery.API.CrossCutting.Bus", "CMA.ISMAI.Delivery.API.CrossCutting.Bus\CMA.ISMAI.Delivery.API.CrossCutting.Bus.csproj", "{40C079AD-332D-47B3-AB3E-C8C60D290CBB}"
EndProject
Project("{9A19103F-16F7-4668-BE54-9A1E7A4F7556}") = "CMA.ISMAI.Delivery.API.Domain", "CMA.ISMAI.Delivery.API.Domain\CMA.ISMAI.Delivery.API.Domain.csproj", "{C5D24D40-FF41-4730-9FC1-AC057C167D17}"
EndProject
Project("{9A19103F-16F7-4668-BE54-9A1E7A4F7556}") = "CMA.ISMAI.Delivery.API.CrossCutting.Queue", "CMA.ISMAI.Delivery.API.CrossCutting.Queue\CMA.ISMAI.Delivery.API.CrossCutting.Queue.csproj", "{0CB32E9A-E867-48B4-9A15-532AC46B34DE}"
EndProject
Project("{2150E333-8FDC-42A3-9474-1A3956D46DE8}") = "Core", "Core", "{9FF8207B-5FB2-4348-B878-EF8578064037}"
EndProject
Project("{9A19103F-16F7-4668-BE54-9A1E7A4F7556}") = "CMA.ISMAI.Core", "CMA.ISMAI.Delivery.Core\CMA.ISMAI.Core.csproj", "{5D399B2F-5D85-4F64-824D-0C80AF88CCA2}"
EndProject
Project("{2150E333-8FDC-42A3-9474-1A3956D46DE8}") = "Tests", "Tests", "{66195800-E404-409C-8DE6-BCF340EF91BA}"
EndProject
Project("{9A19103F-16F7-4668-BE54-9A1E7A4F7556}") = "CMA.ISMAI.Delivery.API.Domain.Tests", "CMA.ISMAI.Delivery.API.Domain.Tests\CMA.ISMAI.Delivery.API.Domain.Tests.csproj", "{576C08AF-CF3C-4F51-8328-A265495EAAE6}"
EndProject
Project("{9A19103F-16F7-4668-BE54-9A1E7A4F7556}") = "CMA.ISMAI.Delivery.API.CrossCutting.FileSaver", "CMA.ISMAI.Delivery.API.CrossCutting.FileSaver\CMA.ISMAI.Delivery.API.CrossCutting.FileSaver.csproj", "{7012FD5C-3E5E-41D5-B355-7E0463C5EB8F}"
EndProject
Project("{9A19103F-16F7-4668-BE54-9A1E7A4F7556}") = "CMA.ISMAI.Delivery.API.CrossCutting.HttpRequest", "CMA.ISMAI.Delivery.API.CrossCutting.HttpRequest\CMA.ISMAI.Delivery.API.CrossCutting.HttpRequest.csproj", "{EA77E4E7-25EE-4440-BD7D-11E40BE3044E}"
EndProject
Project("{9A19103F-16F7-4668-BE54-9A1E7A4F7556}") = "CMA.ISMAI.Delivery.API.CrossCutting.IoC", "CMA.ISMAI.Delivery.API.CrossCutting.IoC\CMA.ISMAI.Delivery.API.CrossCutting.IoC.csproj", "{6F06F91A-4691-48AF-900B-2EAFDDDC21DB}"
EndProject
Project("{2150E333-8FDC-42A3-9474-1A3956D46DE8}") = "0 - UI", "0 - UI", "{4761C4FD-903F-4DC8-B39E-7A3F167EA450}"
EndProject
Project("{9A19103F-16F7-4668-BE54-9A1E7A4F7556}") = "CMA.ISMAI.Delivery.API.UI", "CMA.ISMAI.Delivery.API.UI\CMA.ISMAI.Delivery.API.UI.csproj", "{E295FD38-67E9-4F70-9295-E6706C98A111}"
EndProject
Project("{2150E333-8FDC-42A3-9474-1A3956D46DE8}") = "IntegrationTests", "IntegrationTests", "{6A830A3C-36D6-4ACB-A1DC-BD6164A41995}"
EndProject
Project("{9A19103F-16F7-4668-BE54-9A1E7A4F7556}") = "CMA.ISMAI.Delivery.API.UI.IntegrationTests", "CMA.ISMAI.Delivery.API.UI.IntegrationTests\CMA.ISMAI.Delivery.API.UI.IntegrationTests.csproj", "{3945886F-4FB2-4DC8-90EC-8F205E97C1B6}"
EndProject
Project("{2150E333-8FDC-42A3-9474-1A3956D46DE8}") = "2- Payment", "2- Payment", "{BECBFA90-5DCD-4977-8D38-B7DE72899BF8}"
EndProject
Project("{2150E333-8FDC-42A3-9474-1A3956D46DE8}") = "1 - Domain", "1 - Domain", "{DC883914-C387-45C4-822F-AF11E477C9C3}"
EndProject
Project("{2150E333-8FDC-42A3-9474-1A3956D46DE8}") = "2 - CrossCutting", "2 - CrossCutting", "{3E1224A5-365E-4B96-B95B-259148E815A1}"
EndProject
Project("{2150E333-8FDC-42A3-9474-1A3956D46DE8}") = "0 - UI", "0 - UI", "{B80EEA14-2B19-4E43-A50E-8E3C925E8EDD}"
EndProject
Project("{2150E333-8FDC-42A3-9474-1A3956D46DE8}") = "Tests", "Tests", "{D41EE318-9B74-4519-ADCD-7A88F32FF4E2}"
EndProject
Project("{9A19103F-16F7-4668-BE54-9A1E7A4F7556}") = "CMA.ISMAI.Delivery.Payment.Domain", "CMA.ISMAI.Delivery.Payment.Domain\CMA.ISMAI.Delivery.Payment.Domain.csproj", "{9FB934C8-08A0-488B-B4D1-68AE5916DB0B}"
EndProject
Project("{9A19103F-16F7-4668-BE54-9A1E7A4F7556}") = "CMA.ISMAI.Delivery.Payment.CrossCutting.FileReader", "CMA.ISMAI.Delivery.Payment.CrossCutting.FileReader\CMA.ISMAI.Delivery.Payment.CrossCutting.FileReader.csproj", "{A9DF75A6-DFD5-4A7A-8B9C-190E103B4755}"
EndProject
Project("{9A19103F-16F7-4668-BE54-9A1E7A4F7556}") = "CMA.ISMAI.Delivery.Payment.Domain.Tests", "CMA.ISMAI.Delivery.Payment.Domain.Tests\CMA.ISMAI.Delivery.Payment.Domain.Tests.csproj", "{780FFD5C-4FE8-465B-A7E1-A27A7BF6CC5E}"
EndProject
Project("{9A19103F-16F7-4668-BE54-9A1E7A4F7556}") = "CMA.ISMAI.Delivery.Payment.CrossCutting.Queue", "CMA.ISMAI.Delivery.Payment.CrossCutting.Queue\CMA.ISMAI.Delivery.Payment.CrossCutting.Queue.csproj", "{F3665FD4-B3AF-4A87-8232-47BD248D0967}"
EndProject
Project("{9A19103F-16F7-4668-BE54-9A1E7A4F7556}") = "CMA.ISMAI.Delivery.Payment.UI", "CMA.ISMAI.Delivery.Payment.UI\CMA.ISMAI.Delivery.Payment.UI.csproj", "{175B23B7-8691-4DA8-9173-F658243CF523}"
EndProject
Project("{9A19103F-16F7-4668-BE54-9A1E7A4F7556}") = "CMA.ISMAI.Delivery.Payment.CrossCutting.Bus", "CMA.ISMAI.Delivery.Payment.CrossCutting.Bis\CMA.ISMAI.Delivery.Payment.CrossCutting.Bus.csproj", "{263C8096-AC17-4ACA-95C0-0A7DA48ADF90}"
EndProject
Project("{2150E333-8FDC-42A3-9474-1A3956D46DE8}") = "1 - FileLoading", "1 - FileLoading", "{EE3FD221-1984-4BD1-A037-B8E17D96BE48}"
EndProject
Project("{2150E333-8FDC-42A3-9474-1A3956D46DE8}") = "0 - UI", "0 - UI", "{D41E3FA5-A8A8-4B9C-88AF-9B644BFE270C}"
EndProject
Project("{2150E333-8FDC-42A3-9474-1A3956D46DE8}") = "1 - Domain", "1 - Domain", "{63BFEEE2-064E-4EAD-A59A-6BD6C7042B85}"
EndProject
Project("{2150E333-8FDC-42A3-9474-1A3956D46DE8}") = "2 - CrossCutting", "2 - CrossCutting", "{7408275F-9D91-48D4-B617-7F9036F8A6CE}"
EndProject
Project("{2150E333-8FDC-42A3-9474-1A3956D46DE8}") = "Tests", "Tests", "{C2932885-F6CD-4BC5-A28A-F3D36BCA06C0}"
EndProject
Project("{9A19103F-16F7-4668-BE54-9A1E7A4F7556}") = "CMA.ISMAI.Delivery.FileLoading.Domain", "CMA.ISMAI.Delivery.FileLoading.Domain\CMA.ISMAI.Delivery.FileLoading.Domain.csproj", "{E4F4228D-048E-404D-A283-529798646CAA}"
EndProject
Project("{9A19103F-16F7-4668-BE54-9A1E7A4F7556}") = "CMA.ISMAI.Delivery.FileLoading.Domain.Tests", "CMA.ISMAI.Delivery.FileLoading.Domain.Tests\CMA.ISMAI.Delivery.FileLoading.Domain.Tests.csproj", "{FA6356EE-FEF6-41D0-AC11-DF87E13F066C}"
EndProject
Project("{9A19103F-16F7-4668-BE54-9A1E7A4F7556}") = "CMA.ISMAI.Delivery.FileLoading.CrossCutting.FileDownload", "CMA.ISMAI.Delivery.FileLoading.CrossCutting.FileDownload\CMA.ISMAI.Delivery.FileLoading.CrossCutting.FileDownload.csproj", "{3CB40A89-AE39-40DB-9D66-C6E36426FC4E}"
EndProject
Project("{9A19103F-16F7-4668-BE54-9A1E7A4F7556}") = "CMA.ISMAI.Delivery.FileLoading.UI", "CMA.ISMAI.Delivery.FileLoading.UI\CMA.ISMAI.Delivery.FileLoading.UI.csproj", "{62B8DCCA-49BA-4855-8022-4EA5036F6ECB}"
EndProject
Project("{9A19103F-16F7-4668-BE54-9A1E7A4F7556}") = "CMA.ISMAI.Delivery.FileLoading.Bus", "CMA.ISMAI.Delivery.FileLoading.Bus\CMA.ISMAI.Delivery.FileLoading.Bus.csproj", "{FB224911-4848-493A-A01C-F8EC8EA7FAC8}"
EndProject
Project("{9A19103F-16F7-4668-BE54-9A1E7A4F7556}") = "CMA.ISMAI.Delivery.FileLoading.CrossCutting.FileIdentifier", "CMA.ISMAI.Delivery.FileLoading.CrossCutting.FileIdentifier\CMA.ISMAI.Delivery.FileLoading.CrossCutting.FileIdentifier.csproj", "{71A98373-C45E-4EF7-B0FA-6B2362C0F124}"
EndProject
Project("{9A19103F-16F7-4668-BE54-9A1E7A4F7556}") = "CMA.ISMAI.Delivery.FileLoading.CrossCutting.FileVerifier", "CMA.ISMAI.Delivery.FileLoading.CrossCutting.FileVerifier\CMA.ISMAI.Delivery.FileLoading.CrossCutting.FileVerifier.csproj", "{AB0B9640-ED2A-4610-9BDB-C07B1719F9CB}"
EndProject
Project("{9A19103F-16F7-4668-BE54-9A1E7A4F7556}") = "CMA.ISMAI.Delivery.FileLoading.CrossCutting.Queue", "CMA.ISMAI.Delivery.FileLoading.CrossCutting.Queue\CMA.ISMAI.Delivery.FileLoading.CrossCutting.Queue.csproj", "{CBB079C0-4CAA-4931-9E53-585AEBB3F584}"
EndProject
Project("{2150E333-8FDC-42A3-9474-1A3956D46DE8}") = "Tests", "Tests", "{673A8621-3F7F-4328-AD06-245FA2A485B2}"
EndProject
Project("{9A19103F-16F7-4668-BE54-9A1E7A4F7556}") = "CMA.ISMAI.Delivery.FileLoading.CrossCutting.Tests", "CMA.ISMAI.Delivery.FileLoading.CrossCutting.UnitTesting\CMA.ISMAI.Delivery.FileLoading.CrossCutting.Tests.csproj", "{09CB58EB-9A3D-463C-8FA9-5D58583C47AD}"
EndProject
Project("{2150E333-8FDC-42A3-9474-1A3956D46DE8}") = "3 - FileProcessing", "3 - FileProcessing", "{92173FD0-FBFC-4EE2-BE66-9F5F1A0F6BE6}"
EndProject
Project("{2150E333-8FDC-42A3-9474-1A3956D46DE8}") = "1 - Domain", "1 - Domain", "{BB747601-C851-485B-824F-A9252A01F2A8}"
EndProject
Project("{2150E333-8FDC-42A3-9474-1A3956D46DE8}") = "Tests", "Tests", "{622843A3-8654-4FCB-A2C4-67F89CAF01EF}"
EndProject
Project("{9A19103F-16F7-4668-BE54-9A1E7A4F7556}") = "CMA.ISMAI.Delivery.FileProcessing.Domain", "CMA.ISMAI.Delivery.FileProcessing.Domain\CMA.ISMAI.Delivery.FileProcessing.Domain.csproj", "{077F4156-BDD9-45CA-AF95-362F19B0B830}"
EndProject
Project("{9A19103F-16F7-4668-BE54-9A1E7A4F7556}") = "CMA.ISMAI.Delivery.FileProcessing.Domain.Tests", "CMA.ISMAI.Delivery.FileProcessing.Domain.Tests\CMA.ISMAI.Delivery.FileProcessing.Domain.Tests.csproj", "{2286881E-0A9C-4707-888B-FB0A1E35562C}"
EndProject
Project("{2150E333-8FDC-42A3-9474-1A3956D46DE8}") = "2 - CrossCutting", "2 - CrossCutting", "{C7CFE0F7-28C6-4F63-A1DB-F9FE0381769F}"
EndProject
Project("{9A19103F-16F7-4668-BE54-9A1E7A4F7556}") = "CMA.ISMAI.Delivery.FileProcessing.CrossCutting.FileProcessing", "CMA.ISMAI.Delivery.FileProcessing.CrossCutting.FileProcessing\CMA.ISMAI.Delivery.FileProcessing.CrossCutting.FileProcessing.csproj", "{7703E97A-1BFD-4300-BAF7-259F00644A4A}"
EndProject
Project("{2150E333-8FDC-42A3-9474-1A3956D46DE8}") = "0 - UI", "0 - UI", "{9B791183-F15D-4E2A-A7C9-C85D0361D5EE}"
EndProject
Project("{9A19103F-16F7-4668-BE54-9A1E7A4F7556}") = "CMA.ISMAI.Delivery.FileProcessing.UI", "CMA.ISMAI.Delivery.FileProcessing.UI\CMA.ISMAI.Delivery.FileProcessing.UI.csproj", "{724F6FBF-16D7-4BC3-86E4-18724C86CCA1}"
EndProject
Project("{9A19103F-16F7-4668-BE54-9A1E7A4F7556}") = "CMA.ISMAI.Delivery.FileProcessing.CrossCutting.Bus", "CMA.ISMAI.Delivery.FileProcessing.CrossCutting.Bus\CMA.ISMAI.Delivery.FileProcessing.CrossCutting.Bus.csproj", "{C5C46C58-EF33-4A20-B568-11E802D816E6}"
EndProject
Project("{9A19103F-16F7-4668-BE54-9A1E7A4F7556}") = "CMA.ISMAI.Delivery.FileProcessing.CrossCutting.FileReader", "CMA.ISMAI.Delivery.FileProcessing.CrossCutting.FileReader\CMA.ISMAI.Delivery.FileProcessing.CrossCutting.FileReader.csproj", "{DFDC4F48-AAC1-422A-8AD5-C402E58EFE83}"
EndProject
Project("{9A19103F-16F7-4668-BE54-9A1E7A4F7556}") = "CMA.ISMAI.Delivery.FileLoading.CrossCutting.Camunda", "CMA.ISMAI.Delivery.FileLoading.CrossCutting.Camunda\CMA.ISMAI.Delivery.FileLoading.CrossCutting.Camunda.csproj", "{6400DE37-5A36-455D-B269-4E185C017C90}"
EndProject
Project("{9A19103F-16F7-4668-BE54-9A1E7A4F7556}") = "CMA.ISMAI.Delivery.Payment.CrossCutting.Camunda", "CMA.ISMAI.Delivery.Payment.CrossCutting.Camunda\CMA.ISMAI.Delivery.Payment.CrossCutting.Camunda.csproj", "{F85EF5DE-5D46-4417-99F3-8C96E5DF33BD}"
EndProject
Project("{9A19103F-16F7-4668-BE54-9A1E7A4F7556}") = "CMA.ISMAI.Delivery.FileProcessing.CrossCutting.Camunda", "CMA.ISMAI.FileProcessing.CrossCutting.Camunda\CMA.ISMAI.Delivery.FileProcessing.CrossCutting.Camunda.csproj", "{97CCBC33-EAEF-4BB5-ADD7-E3A1B8579383}"
EndProject
Project("{2150E333-8FDC-42A3-9474-1A3956D46DE8}") = "4 - Logging", "4 - Logging", "{ED00F0E3-B804-418F-95B3-79CA6693B8CF}"
EndProject
Project("{9A19103F-16F7-4668-BE54-9A1E7A4F7556}") = "CMA.ISMAI.Delivery.Logging", "CMA.ISMAI.Delivery.Logging.Log\CMA.ISMAI.Delivery.Logging.csproj", "{4E974D09-DA07-4A8A-A2A2-9316C710DA7A}"
EndProject
Project("{2150E333-8FDC-42A3-9474-1A3956D46DE8}") = "5 - EventStore", "5 - EventStore", "{2403E703-9E46-4F30-8880-59F01A90FC7D}"
EndProject
Project("{9A19103F-16F7-4668-BE54-9A1E7A4F7556}") = "CMA.ISMAI.Delivery.EventStore", "CMA.ISMAI.Delivery.EventStore\CMA.ISMAI.Delivery.EventStore.csproj", "{C5D10852-A32A-4BCF-9E11-CB04A971C07C}"
EndProject
Project("{9A19103F-16F7-4668-BE54-9A1E7A4F7556}") = "CMA.ISMAI.Delivery.FileLoading.IntegrationTests", "CMA.ISMAI.Delivery.FileLoading.IntegrationTests\CMA.ISMAI.Delivery.FileLoading.IntegrationTests.csproj", "{9EC083DD-B676-4A6D-AAE6-AD1252B71BAB}"
EndProject
Project("{9A19103F-16F7-4668-BE54-9A1E7A4F7556}") = "CMA.ISMAI.Delivery.Payment.IntegrationTests", "CMA.ISMAI.Delivery.Payment.IntegrationTests\CMA.ISMAI.Delivery.Payment.IntegrationTests.csproj", "{FC42A87A-C777-4D3C-9EA5-A7C5F513F523}"
EndProject
Project("{9A19103F-16F7-4668-BE54-9A1E7A4F7556}") = "CMA.ISMAI.Delivery.FileProcessing.IntegrationTests", "CMA.ISMAI.Delivery.FileProcessing.IntegrationTests\CMA.ISMAI.Delivery.FileProcessing.IntegrationTests.csproj", "{0A0EE3F4-01D9-4041-890A-96D8CAE4EA56}"
EndProject
Project("{9A19103F-16F7-4668-BE54-9A1E7A4F7556}") = "CMA.ISMAI.Delivery.FileProcessing.CrossCutting.FileMover", "CMA.ISMAI.Delivery.FileProcessing.CrossCutting.FileMover\CMA.ISMAI.Delivery.FileProcessing.CrossCutting.FileMover.csproj", "{89C9081B-9B85-4BB3-8AAF-F93EC5B7AA14}"
EndProject
Project("{2150E333-8FDC-42A3-9474-1A3956D46DE8}") = "WebSite", "WebSite", "{7F56E99D-C343-48CC-86E5-B55DC7F7FC3F}"
EndProject
Project("{9A19103F-16F7-4668-BE54-9A1E7A4F7556}") = "CMA.ISMAI.Delivery.UI", "..\CMA.ISMAI.Delivery.UI\CMA.ISMAI.Delivery.UI.csproj", "{481FC995-DD64-4B9D-BA3C-33D4F66D1188}"
EndProject
Project("{E53339B2-1760-4266-BCC7-CA923CBCF16C}") = "docker-compose", "docker-compose.dcproj", "{4AF9559E-66A4-44CF-94C7-735A70FC2A82}"
EndProject
Global
	GlobalSection(SolutionConfigurationPlatforms) = preSolution
		Debug|Any CPU = Debug|Any CPU
		Release|Any CPU = Release|Any CPU
	EndGlobalSection
	GlobalSection(ProjectConfigurationPlatforms) = postSolution
		{40C079AD-332D-47B3-AB3E-C8C60D290CBB}.Debug|Any CPU.ActiveCfg = Debug|Any CPU
		{40C079AD-332D-47B3-AB3E-C8C60D290CBB}.Debug|Any CPU.Build.0 = Debug|Any CPU
		{40C079AD-332D-47B3-AB3E-C8C60D290CBB}.Release|Any CPU.ActiveCfg = Release|Any CPU
		{40C079AD-332D-47B3-AB3E-C8C60D290CBB}.Release|Any CPU.Build.0 = Release|Any CPU
		{C5D24D40-FF41-4730-9FC1-AC057C167D17}.Debug|Any CPU.ActiveCfg = Debug|Any CPU
		{C5D24D40-FF41-4730-9FC1-AC057C167D17}.Debug|Any CPU.Build.0 = Debug|Any CPU
		{C5D24D40-FF41-4730-9FC1-AC057C167D17}.Release|Any CPU.ActiveCfg = Release|Any CPU
		{C5D24D40-FF41-4730-9FC1-AC057C167D17}.Release|Any CPU.Build.0 = Release|Any CPU
		{0CB32E9A-E867-48B4-9A15-532AC46B34DE}.Debug|Any CPU.ActiveCfg = Debug|Any CPU
		{0CB32E9A-E867-48B4-9A15-532AC46B34DE}.Debug|Any CPU.Build.0 = Debug|Any CPU
		{0CB32E9A-E867-48B4-9A15-532AC46B34DE}.Release|Any CPU.ActiveCfg = Release|Any CPU
		{0CB32E9A-E867-48B4-9A15-532AC46B34DE}.Release|Any CPU.Build.0 = Release|Any CPU
		{5D399B2F-5D85-4F64-824D-0C80AF88CCA2}.Debug|Any CPU.ActiveCfg = Debug|Any CPU
		{5D399B2F-5D85-4F64-824D-0C80AF88CCA2}.Debug|Any CPU.Build.0 = Debug|Any CPU
		{5D399B2F-5D85-4F64-824D-0C80AF88CCA2}.Release|Any CPU.ActiveCfg = Release|Any CPU
		{5D399B2F-5D85-4F64-824D-0C80AF88CCA2}.Release|Any CPU.Build.0 = Release|Any CPU
		{576C08AF-CF3C-4F51-8328-A265495EAAE6}.Debug|Any CPU.ActiveCfg = Debug|Any CPU
		{576C08AF-CF3C-4F51-8328-A265495EAAE6}.Debug|Any CPU.Build.0 = Debug|Any CPU
		{576C08AF-CF3C-4F51-8328-A265495EAAE6}.Release|Any CPU.ActiveCfg = Release|Any CPU
		{576C08AF-CF3C-4F51-8328-A265495EAAE6}.Release|Any CPU.Build.0 = Release|Any CPU
		{7012FD5C-3E5E-41D5-B355-7E0463C5EB8F}.Debug|Any CPU.ActiveCfg = Debug|Any CPU
		{7012FD5C-3E5E-41D5-B355-7E0463C5EB8F}.Debug|Any CPU.Build.0 = Debug|Any CPU
		{7012FD5C-3E5E-41D5-B355-7E0463C5EB8F}.Release|Any CPU.ActiveCfg = Release|Any CPU
		{7012FD5C-3E5E-41D5-B355-7E0463C5EB8F}.Release|Any CPU.Build.0 = Release|Any CPU
		{EA77E4E7-25EE-4440-BD7D-11E40BE3044E}.Debug|Any CPU.ActiveCfg = Debug|Any CPU
		{EA77E4E7-25EE-4440-BD7D-11E40BE3044E}.Debug|Any CPU.Build.0 = Debug|Any CPU
		{EA77E4E7-25EE-4440-BD7D-11E40BE3044E}.Release|Any CPU.ActiveCfg = Release|Any CPU
		{EA77E4E7-25EE-4440-BD7D-11E40BE3044E}.Release|Any CPU.Build.0 = Release|Any CPU
		{6F06F91A-4691-48AF-900B-2EAFDDDC21DB}.Debug|Any CPU.ActiveCfg = Debug|Any CPU
		{6F06F91A-4691-48AF-900B-2EAFDDDC21DB}.Debug|Any CPU.Build.0 = Debug|Any CPU
		{6F06F91A-4691-48AF-900B-2EAFDDDC21DB}.Release|Any CPU.ActiveCfg = Release|Any CPU
		{6F06F91A-4691-48AF-900B-2EAFDDDC21DB}.Release|Any CPU.Build.0 = Release|Any CPU
		{E295FD38-67E9-4F70-9295-E6706C98A111}.Debug|Any CPU.ActiveCfg = Debug|Any CPU
		{E295FD38-67E9-4F70-9295-E6706C98A111}.Debug|Any CPU.Build.0 = Debug|Any CPU
		{E295FD38-67E9-4F70-9295-E6706C98A111}.Release|Any CPU.ActiveCfg = Release|Any CPU
		{E295FD38-67E9-4F70-9295-E6706C98A111}.Release|Any CPU.Build.0 = Release|Any CPU
		{3945886F-4FB2-4DC8-90EC-8F205E97C1B6}.Debug|Any CPU.ActiveCfg = Debug|Any CPU
		{3945886F-4FB2-4DC8-90EC-8F205E97C1B6}.Debug|Any CPU.Build.0 = Debug|Any CPU
		{3945886F-4FB2-4DC8-90EC-8F205E97C1B6}.Release|Any CPU.ActiveCfg = Release|Any CPU
		{3945886F-4FB2-4DC8-90EC-8F205E97C1B6}.Release|Any CPU.Build.0 = Release|Any CPU
		{9FB934C8-08A0-488B-B4D1-68AE5916DB0B}.Debug|Any CPU.ActiveCfg = Debug|Any CPU
		{9FB934C8-08A0-488B-B4D1-68AE5916DB0B}.Debug|Any CPU.Build.0 = Debug|Any CPU
		{9FB934C8-08A0-488B-B4D1-68AE5916DB0B}.Release|Any CPU.ActiveCfg = Release|Any CPU
		{9FB934C8-08A0-488B-B4D1-68AE5916DB0B}.Release|Any CPU.Build.0 = Release|Any CPU
		{A9DF75A6-DFD5-4A7A-8B9C-190E103B4755}.Debug|Any CPU.ActiveCfg = Debug|Any CPU
		{A9DF75A6-DFD5-4A7A-8B9C-190E103B4755}.Debug|Any CPU.Build.0 = Debug|Any CPU
		{A9DF75A6-DFD5-4A7A-8B9C-190E103B4755}.Release|Any CPU.ActiveCfg = Release|Any CPU
		{A9DF75A6-DFD5-4A7A-8B9C-190E103B4755}.Release|Any CPU.Build.0 = Release|Any CPU
		{780FFD5C-4FE8-465B-A7E1-A27A7BF6CC5E}.Debug|Any CPU.ActiveCfg = Debug|Any CPU
		{780FFD5C-4FE8-465B-A7E1-A27A7BF6CC5E}.Debug|Any CPU.Build.0 = Debug|Any CPU
		{780FFD5C-4FE8-465B-A7E1-A27A7BF6CC5E}.Release|Any CPU.ActiveCfg = Release|Any CPU
		{780FFD5C-4FE8-465B-A7E1-A27A7BF6CC5E}.Release|Any CPU.Build.0 = Release|Any CPU
		{F3665FD4-B3AF-4A87-8232-47BD248D0967}.Debug|Any CPU.ActiveCfg = Debug|Any CPU
		{F3665FD4-B3AF-4A87-8232-47BD248D0967}.Debug|Any CPU.Build.0 = Debug|Any CPU
		{F3665FD4-B3AF-4A87-8232-47BD248D0967}.Release|Any CPU.ActiveCfg = Release|Any CPU
		{F3665FD4-B3AF-4A87-8232-47BD248D0967}.Release|Any CPU.Build.0 = Release|Any CPU
		{175B23B7-8691-4DA8-9173-F658243CF523}.Debug|Any CPU.ActiveCfg = Debug|Any CPU
		{175B23B7-8691-4DA8-9173-F658243CF523}.Debug|Any CPU.Build.0 = Debug|Any CPU
		{175B23B7-8691-4DA8-9173-F658243CF523}.Release|Any CPU.ActiveCfg = Release|Any CPU
		{175B23B7-8691-4DA8-9173-F658243CF523}.Release|Any CPU.Build.0 = Release|Any CPU
		{263C8096-AC17-4ACA-95C0-0A7DA48ADF90}.Debug|Any CPU.ActiveCfg = Debug|Any CPU
		{263C8096-AC17-4ACA-95C0-0A7DA48ADF90}.Debug|Any CPU.Build.0 = Debug|Any CPU
		{263C8096-AC17-4ACA-95C0-0A7DA48ADF90}.Release|Any CPU.ActiveCfg = Release|Any CPU
		{263C8096-AC17-4ACA-95C0-0A7DA48ADF90}.Release|Any CPU.Build.0 = Release|Any CPU
		{E4F4228D-048E-404D-A283-529798646CAA}.Debug|Any CPU.ActiveCfg = Debug|Any CPU
		{E4F4228D-048E-404D-A283-529798646CAA}.Debug|Any CPU.Build.0 = Debug|Any CPU
		{E4F4228D-048E-404D-A283-529798646CAA}.Release|Any CPU.ActiveCfg = Release|Any CPU
		{E4F4228D-048E-404D-A283-529798646CAA}.Release|Any CPU.Build.0 = Release|Any CPU
		{FA6356EE-FEF6-41D0-AC11-DF87E13F066C}.Debug|Any CPU.ActiveCfg = Debug|Any CPU
		{FA6356EE-FEF6-41D0-AC11-DF87E13F066C}.Debug|Any CPU.Build.0 = Debug|Any CPU
		{FA6356EE-FEF6-41D0-AC11-DF87E13F066C}.Release|Any CPU.ActiveCfg = Release|Any CPU
		{FA6356EE-FEF6-41D0-AC11-DF87E13F066C}.Release|Any CPU.Build.0 = Release|Any CPU
		{3CB40A89-AE39-40DB-9D66-C6E36426FC4E}.Debug|Any CPU.ActiveCfg = Debug|Any CPU
		{3CB40A89-AE39-40DB-9D66-C6E36426FC4E}.Debug|Any CPU.Build.0 = Debug|Any CPU
		{3CB40A89-AE39-40DB-9D66-C6E36426FC4E}.Release|Any CPU.ActiveCfg = Release|Any CPU
		{3CB40A89-AE39-40DB-9D66-C6E36426FC4E}.Release|Any CPU.Build.0 = Release|Any CPU
		{62B8DCCA-49BA-4855-8022-4EA5036F6ECB}.Debug|Any CPU.ActiveCfg = Debug|Any CPU
		{62B8DCCA-49BA-4855-8022-4EA5036F6ECB}.Debug|Any CPU.Build.0 = Debug|Any CPU
		{62B8DCCA-49BA-4855-8022-4EA5036F6ECB}.Release|Any CPU.ActiveCfg = Release|Any CPU
		{62B8DCCA-49BA-4855-8022-4EA5036F6ECB}.Release|Any CPU.Build.0 = Release|Any CPU
		{FB224911-4848-493A-A01C-F8EC8EA7FAC8}.Debug|Any CPU.ActiveCfg = Debug|Any CPU
		{FB224911-4848-493A-A01C-F8EC8EA7FAC8}.Debug|Any CPU.Build.0 = Debug|Any CPU
		{FB224911-4848-493A-A01C-F8EC8EA7FAC8}.Release|Any CPU.ActiveCfg = Release|Any CPU
		{FB224911-4848-493A-A01C-F8EC8EA7FAC8}.Release|Any CPU.Build.0 = Release|Any CPU
		{71A98373-C45E-4EF7-B0FA-6B2362C0F124}.Debug|Any CPU.ActiveCfg = Debug|Any CPU
		{71A98373-C45E-4EF7-B0FA-6B2362C0F124}.Debug|Any CPU.Build.0 = Debug|Any CPU
		{71A98373-C45E-4EF7-B0FA-6B2362C0F124}.Release|Any CPU.ActiveCfg = Release|Any CPU
		{71A98373-C45E-4EF7-B0FA-6B2362C0F124}.Release|Any CPU.Build.0 = Release|Any CPU
		{AB0B9640-ED2A-4610-9BDB-C07B1719F9CB}.Debug|Any CPU.ActiveCfg = Debug|Any CPU
		{AB0B9640-ED2A-4610-9BDB-C07B1719F9CB}.Debug|Any CPU.Build.0 = Debug|Any CPU
		{AB0B9640-ED2A-4610-9BDB-C07B1719F9CB}.Release|Any CPU.ActiveCfg = Release|Any CPU
		{AB0B9640-ED2A-4610-9BDB-C07B1719F9CB}.Release|Any CPU.Build.0 = Release|Any CPU
		{CBB079C0-4CAA-4931-9E53-585AEBB3F584}.Debug|Any CPU.ActiveCfg = Debug|Any CPU
		{CBB079C0-4CAA-4931-9E53-585AEBB3F584}.Debug|Any CPU.Build.0 = Debug|Any CPU
		{CBB079C0-4CAA-4931-9E53-585AEBB3F584}.Release|Any CPU.ActiveCfg = Release|Any CPU
		{CBB079C0-4CAA-4931-9E53-585AEBB3F584}.Release|Any CPU.Build.0 = Release|Any CPU
		{09CB58EB-9A3D-463C-8FA9-5D58583C47AD}.Debug|Any CPU.ActiveCfg = Debug|Any CPU
		{09CB58EB-9A3D-463C-8FA9-5D58583C47AD}.Debug|Any CPU.Build.0 = Debug|Any CPU
		{09CB58EB-9A3D-463C-8FA9-5D58583C47AD}.Release|Any CPU.ActiveCfg = Release|Any CPU
		{09CB58EB-9A3D-463C-8FA9-5D58583C47AD}.Release|Any CPU.Build.0 = Release|Any CPU
		{077F4156-BDD9-45CA-AF95-362F19B0B830}.Debug|Any CPU.ActiveCfg = Debug|Any CPU
		{077F4156-BDD9-45CA-AF95-362F19B0B830}.Debug|Any CPU.Build.0 = Debug|Any CPU
		{077F4156-BDD9-45CA-AF95-362F19B0B830}.Release|Any CPU.ActiveCfg = Release|Any CPU
		{077F4156-BDD9-45CA-AF95-362F19B0B830}.Release|Any CPU.Build.0 = Release|Any CPU
		{2286881E-0A9C-4707-888B-FB0A1E35562C}.Debug|Any CPU.ActiveCfg = Debug|Any CPU
		{2286881E-0A9C-4707-888B-FB0A1E35562C}.Debug|Any CPU.Build.0 = Debug|Any CPU
		{2286881E-0A9C-4707-888B-FB0A1E35562C}.Release|Any CPU.ActiveCfg = Release|Any CPU
		{2286881E-0A9C-4707-888B-FB0A1E35562C}.Release|Any CPU.Build.0 = Release|Any CPU
		{7703E97A-1BFD-4300-BAF7-259F00644A4A}.Debug|Any CPU.ActiveCfg = Debug|Any CPU
		{7703E97A-1BFD-4300-BAF7-259F00644A4A}.Debug|Any CPU.Build.0 = Debug|Any CPU
		{7703E97A-1BFD-4300-BAF7-259F00644A4A}.Release|Any CPU.ActiveCfg = Release|Any CPU
		{7703E97A-1BFD-4300-BAF7-259F00644A4A}.Release|Any CPU.Build.0 = Release|Any CPU
		{724F6FBF-16D7-4BC3-86E4-18724C86CCA1}.Debug|Any CPU.ActiveCfg = Debug|Any CPU
		{724F6FBF-16D7-4BC3-86E4-18724C86CCA1}.Debug|Any CPU.Build.0 = Debug|Any CPU
		{724F6FBF-16D7-4BC3-86E4-18724C86CCA1}.Release|Any CPU.ActiveCfg = Release|Any CPU
		{724F6FBF-16D7-4BC3-86E4-18724C86CCA1}.Release|Any CPU.Build.0 = Release|Any CPU
		{C5C46C58-EF33-4A20-B568-11E802D816E6}.Debug|Any CPU.ActiveCfg = Debug|Any CPU
		{C5C46C58-EF33-4A20-B568-11E802D816E6}.Debug|Any CPU.Build.0 = Debug|Any CPU
		{C5C46C58-EF33-4A20-B568-11E802D816E6}.Release|Any CPU.ActiveCfg = Release|Any CPU
		{C5C46C58-EF33-4A20-B568-11E802D816E6}.Release|Any CPU.Build.0 = Release|Any CPU
		{DFDC4F48-AAC1-422A-8AD5-C402E58EFE83}.Debug|Any CPU.ActiveCfg = Debug|Any CPU
		{DFDC4F48-AAC1-422A-8AD5-C402E58EFE83}.Debug|Any CPU.Build.0 = Debug|Any CPU
		{DFDC4F48-AAC1-422A-8AD5-C402E58EFE83}.Release|Any CPU.ActiveCfg = Release|Any CPU
		{DFDC4F48-AAC1-422A-8AD5-C402E58EFE83}.Release|Any CPU.Build.0 = Release|Any CPU
		{6400DE37-5A36-455D-B269-4E185C017C90}.Debug|Any CPU.ActiveCfg = Debug|Any CPU
		{6400DE37-5A36-455D-B269-4E185C017C90}.Debug|Any CPU.Build.0 = Debug|Any CPU
		{6400DE37-5A36-455D-B269-4E185C017C90}.Release|Any CPU.ActiveCfg = Release|Any CPU
		{6400DE37-5A36-455D-B269-4E185C017C90}.Release|Any CPU.Build.0 = Release|Any CPU
		{F85EF5DE-5D46-4417-99F3-8C96E5DF33BD}.Debug|Any CPU.ActiveCfg = Debug|Any CPU
		{F85EF5DE-5D46-4417-99F3-8C96E5DF33BD}.Debug|Any CPU.Build.0 = Debug|Any CPU
		{F85EF5DE-5D46-4417-99F3-8C96E5DF33BD}.Release|Any CPU.ActiveCfg = Release|Any CPU
		{F85EF5DE-5D46-4417-99F3-8C96E5DF33BD}.Release|Any CPU.Build.0 = Release|Any CPU
		{97CCBC33-EAEF-4BB5-ADD7-E3A1B8579383}.Debug|Any CPU.ActiveCfg = Debug|Any CPU
		{97CCBC33-EAEF-4BB5-ADD7-E3A1B8579383}.Debug|Any CPU.Build.0 = Debug|Any CPU
		{97CCBC33-EAEF-4BB5-ADD7-E3A1B8579383}.Release|Any CPU.ActiveCfg = Release|Any CPU
		{97CCBC33-EAEF-4BB5-ADD7-E3A1B8579383}.Release|Any CPU.Build.0 = Release|Any CPU
		{4E974D09-DA07-4A8A-A2A2-9316C710DA7A}.Debug|Any CPU.ActiveCfg = Debug|Any CPU
		{4E974D09-DA07-4A8A-A2A2-9316C710DA7A}.Debug|Any CPU.Build.0 = Debug|Any CPU
		{4E974D09-DA07-4A8A-A2A2-9316C710DA7A}.Release|Any CPU.ActiveCfg = Release|Any CPU
		{4E974D09-DA07-4A8A-A2A2-9316C710DA7A}.Release|Any CPU.Build.0 = Release|Any CPU
		{C5D10852-A32A-4BCF-9E11-CB04A971C07C}.Debug|Any CPU.ActiveCfg = Debug|Any CPU
		{C5D10852-A32A-4BCF-9E11-CB04A971C07C}.Debug|Any CPU.Build.0 = Debug|Any CPU
		{C5D10852-A32A-4BCF-9E11-CB04A971C07C}.Release|Any CPU.ActiveCfg = Release|Any CPU
		{C5D10852-A32A-4BCF-9E11-CB04A971C07C}.Release|Any CPU.Build.0 = Release|Any CPU
		{9EC083DD-B676-4A6D-AAE6-AD1252B71BAB}.Debug|Any CPU.ActiveCfg = Debug|Any CPU
		{9EC083DD-B676-4A6D-AAE6-AD1252B71BAB}.Debug|Any CPU.Build.0 = Debug|Any CPU
		{9EC083DD-B676-4A6D-AAE6-AD1252B71BAB}.Release|Any CPU.ActiveCfg = Release|Any CPU
		{9EC083DD-B676-4A6D-AAE6-AD1252B71BAB}.Release|Any CPU.Build.0 = Release|Any CPU
		{FC42A87A-C777-4D3C-9EA5-A7C5F513F523}.Debug|Any CPU.ActiveCfg = Debug|Any CPU
		{FC42A87A-C777-4D3C-9EA5-A7C5F513F523}.Debug|Any CPU.Build.0 = Debug|Any CPU
		{FC42A87A-C777-4D3C-9EA5-A7C5F513F523}.Release|Any CPU.ActiveCfg = Release|Any CPU
		{FC42A87A-C777-4D3C-9EA5-A7C5F513F523}.Release|Any CPU.Build.0 = Release|Any CPU
		{0A0EE3F4-01D9-4041-890A-96D8CAE4EA56}.Debug|Any CPU.ActiveCfg = Debug|Any CPU
		{0A0EE3F4-01D9-4041-890A-96D8CAE4EA56}.Debug|Any CPU.Build.0 = Debug|Any CPU
		{0A0EE3F4-01D9-4041-890A-96D8CAE4EA56}.Release|Any CPU.ActiveCfg = Release|Any CPU
		{0A0EE3F4-01D9-4041-890A-96D8CAE4EA56}.Release|Any CPU.Build.0 = Release|Any CPU
		{89C9081B-9B85-4BB3-8AAF-F93EC5B7AA14}.Debug|Any CPU.ActiveCfg = Debug|Any CPU
		{89C9081B-9B85-4BB3-8AAF-F93EC5B7AA14}.Debug|Any CPU.Build.0 = Debug|Any CPU
		{89C9081B-9B85-4BB3-8AAF-F93EC5B7AA14}.Release|Any CPU.ActiveCfg = Release|Any CPU
		{89C9081B-9B85-4BB3-8AAF-F93EC5B7AA14}.Release|Any CPU.Build.0 = Release|Any CPU
		{481FC995-DD64-4B9D-BA3C-33D4F66D1188}.Debug|Any CPU.ActiveCfg = Debug|Any CPU
		{481FC995-DD64-4B9D-BA3C-33D4F66D1188}.Debug|Any CPU.Build.0 = Debug|Any CPU
		{481FC995-DD64-4B9D-BA3C-33D4F66D1188}.Release|Any CPU.ActiveCfg = Release|Any CPU
		{481FC995-DD64-4B9D-BA3C-33D4F66D1188}.Release|Any CPU.Build.0 = Release|Any CPU
		{4AF9559E-66A4-44CF-94C7-735A70FC2A82}.Debug|Any CPU.ActiveCfg = Debug|Any CPU
		{4AF9559E-66A4-44CF-94C7-735A70FC2A82}.Debug|Any CPU.Build.0 = Debug|Any CPU
		{4AF9559E-66A4-44CF-94C7-735A70FC2A82}.Release|Any CPU.ActiveCfg = Release|Any CPU
		{4AF9559E-66A4-44CF-94C7-735A70FC2A82}.Release|Any CPU.Build.0 = Release|Any CPU
	EndGlobalSection
	GlobalSection(SolutionProperties) = preSolution
		HideSolutionNode = FALSE
	EndGlobalSection
	GlobalSection(NestedProjects) = preSolution
		{09F67C90-338D-43C0-8AEA-7FBB17D32FE6} = {62175530-D14B-4CA2-A687-3F078079CEA5}
		{D9E5FCBD-04D1-4376-9F4E-21721EB0026E} = {62175530-D14B-4CA2-A687-3F078079CEA5}
		{40C079AD-332D-47B3-AB3E-C8C60D290CBB} = {09F67C90-338D-43C0-8AEA-7FBB17D32FE6}
		{C5D24D40-FF41-4730-9FC1-AC057C167D17} = {D9E5FCBD-04D1-4376-9F4E-21721EB0026E}
		{0CB32E9A-E867-48B4-9A15-532AC46B34DE} = {09F67C90-338D-43C0-8AEA-7FBB17D32FE6}
		{5D399B2F-5D85-4F64-824D-0C80AF88CCA2} = {9FF8207B-5FB2-4348-B878-EF8578064037}
		{66195800-E404-409C-8DE6-BCF340EF91BA} = {D9E5FCBD-04D1-4376-9F4E-21721EB0026E}
		{576C08AF-CF3C-4F51-8328-A265495EAAE6} = {66195800-E404-409C-8DE6-BCF340EF91BA}
		{7012FD5C-3E5E-41D5-B355-7E0463C5EB8F} = {09F67C90-338D-43C0-8AEA-7FBB17D32FE6}
		{EA77E4E7-25EE-4440-BD7D-11E40BE3044E} = {09F67C90-338D-43C0-8AEA-7FBB17D32FE6}
		{6F06F91A-4691-48AF-900B-2EAFDDDC21DB} = {09F67C90-338D-43C0-8AEA-7FBB17D32FE6}
		{4761C4FD-903F-4DC8-B39E-7A3F167EA450} = {62175530-D14B-4CA2-A687-3F078079CEA5}
		{E295FD38-67E9-4F70-9295-E6706C98A111} = {4761C4FD-903F-4DC8-B39E-7A3F167EA450}
		{6A830A3C-36D6-4ACB-A1DC-BD6164A41995} = {4761C4FD-903F-4DC8-B39E-7A3F167EA450}
		{3945886F-4FB2-4DC8-90EC-8F205E97C1B6} = {6A830A3C-36D6-4ACB-A1DC-BD6164A41995}
		{DC883914-C387-45C4-822F-AF11E477C9C3} = {BECBFA90-5DCD-4977-8D38-B7DE72899BF8}
		{3E1224A5-365E-4B96-B95B-259148E815A1} = {BECBFA90-5DCD-4977-8D38-B7DE72899BF8}
		{B80EEA14-2B19-4E43-A50E-8E3C925E8EDD} = {BECBFA90-5DCD-4977-8D38-B7DE72899BF8}
		{D41EE318-9B74-4519-ADCD-7A88F32FF4E2} = {DC883914-C387-45C4-822F-AF11E477C9C3}
		{9FB934C8-08A0-488B-B4D1-68AE5916DB0B} = {DC883914-C387-45C4-822F-AF11E477C9C3}
		{A9DF75A6-DFD5-4A7A-8B9C-190E103B4755} = {3E1224A5-365E-4B96-B95B-259148E815A1}
		{780FFD5C-4FE8-465B-A7E1-A27A7BF6CC5E} = {D41EE318-9B74-4519-ADCD-7A88F32FF4E2}
		{F3665FD4-B3AF-4A87-8232-47BD248D0967} = {3E1224A5-365E-4B96-B95B-259148E815A1}
		{175B23B7-8691-4DA8-9173-F658243CF523} = {B80EEA14-2B19-4E43-A50E-8E3C925E8EDD}
		{263C8096-AC17-4ACA-95C0-0A7DA48ADF90} = {3E1224A5-365E-4B96-B95B-259148E815A1}
		{D41E3FA5-A8A8-4B9C-88AF-9B644BFE270C} = {EE3FD221-1984-4BD1-A037-B8E17D96BE48}
		{63BFEEE2-064E-4EAD-A59A-6BD6C7042B85} = {EE3FD221-1984-4BD1-A037-B8E17D96BE48}
		{7408275F-9D91-48D4-B617-7F9036F8A6CE} = {EE3FD221-1984-4BD1-A037-B8E17D96BE48}
		{C2932885-F6CD-4BC5-A28A-F3D36BCA06C0} = {63BFEEE2-064E-4EAD-A59A-6BD6C7042B85}
		{E4F4228D-048E-404D-A283-529798646CAA} = {63BFEEE2-064E-4EAD-A59A-6BD6C7042B85}
		{FA6356EE-FEF6-41D0-AC11-DF87E13F066C} = {C2932885-F6CD-4BC5-A28A-F3D36BCA06C0}
		{3CB40A89-AE39-40DB-9D66-C6E36426FC4E} = {7408275F-9D91-48D4-B617-7F9036F8A6CE}
		{62B8DCCA-49BA-4855-8022-4EA5036F6ECB} = {D41E3FA5-A8A8-4B9C-88AF-9B644BFE270C}
		{FB224911-4848-493A-A01C-F8EC8EA7FAC8} = {7408275F-9D91-48D4-B617-7F9036F8A6CE}
		{71A98373-C45E-4EF7-B0FA-6B2362C0F124} = {7408275F-9D91-48D4-B617-7F9036F8A6CE}
		{AB0B9640-ED2A-4610-9BDB-C07B1719F9CB} = {7408275F-9D91-48D4-B617-7F9036F8A6CE}
		{CBB079C0-4CAA-4931-9E53-585AEBB3F584} = {7408275F-9D91-48D4-B617-7F9036F8A6CE}
		{673A8621-3F7F-4328-AD06-245FA2A485B2} = {7408275F-9D91-48D4-B617-7F9036F8A6CE}
		{09CB58EB-9A3D-463C-8FA9-5D58583C47AD} = {673A8621-3F7F-4328-AD06-245FA2A485B2}
		{BB747601-C851-485B-824F-A9252A01F2A8} = {92173FD0-FBFC-4EE2-BE66-9F5F1A0F6BE6}
		{622843A3-8654-4FCB-A2C4-67F89CAF01EF} = {BB747601-C851-485B-824F-A9252A01F2A8}
		{077F4156-BDD9-45CA-AF95-362F19B0B830} = {BB747601-C851-485B-824F-A9252A01F2A8}
		{2286881E-0A9C-4707-888B-FB0A1E35562C} = {622843A3-8654-4FCB-A2C4-67F89CAF01EF}
		{C7CFE0F7-28C6-4F63-A1DB-F9FE0381769F} = {92173FD0-FBFC-4EE2-BE66-9F5F1A0F6BE6}
		{7703E97A-1BFD-4300-BAF7-259F00644A4A} = {C7CFE0F7-28C6-4F63-A1DB-F9FE0381769F}
		{9B791183-F15D-4E2A-A7C9-C85D0361D5EE} = {92173FD0-FBFC-4EE2-BE66-9F5F1A0F6BE6}
		{724F6FBF-16D7-4BC3-86E4-18724C86CCA1} = {9B791183-F15D-4E2A-A7C9-C85D0361D5EE}
		{C5C46C58-EF33-4A20-B568-11E802D816E6} = {C7CFE0F7-28C6-4F63-A1DB-F9FE0381769F}
		{DFDC4F48-AAC1-422A-8AD5-C402E58EFE83} = {C7CFE0F7-28C6-4F63-A1DB-F9FE0381769F}
		{6400DE37-5A36-455D-B269-4E185C017C90} = {7408275F-9D91-48D4-B617-7F9036F8A6CE}
		{F85EF5DE-5D46-4417-99F3-8C96E5DF33BD} = {3E1224A5-365E-4B96-B95B-259148E815A1}
		{97CCBC33-EAEF-4BB5-ADD7-E3A1B8579383} = {C7CFE0F7-28C6-4F63-A1DB-F9FE0381769F}
		{4E974D09-DA07-4A8A-A2A2-9316C710DA7A} = {ED00F0E3-B804-418F-95B3-79CA6693B8CF}
		{C5D10852-A32A-4BCF-9E11-CB04A971C07C} = {2403E703-9E46-4F30-8880-59F01A90FC7D}
		{9EC083DD-B676-4A6D-AAE6-AD1252B71BAB} = {D41E3FA5-A8A8-4B9C-88AF-9B644BFE270C}
		{FC42A87A-C777-4D3C-9EA5-A7C5F513F523} = {B80EEA14-2B19-4E43-A50E-8E3C925E8EDD}
		{0A0EE3F4-01D9-4041-890A-96D8CAE4EA56} = {9B791183-F15D-4E2A-A7C9-C85D0361D5EE}
		{89C9081B-9B85-4BB3-8AAF-F93EC5B7AA14} = {C7CFE0F7-28C6-4F63-A1DB-F9FE0381769F}
		{481FC995-DD64-4B9D-BA3C-33D4F66D1188} = {7F56E99D-C343-48CC-86E5-B55DC7F7FC3F}
	EndGlobalSection
	GlobalSection(ExtensibilityGlobals) = postSolution
		SolutionGuid = {6A59F4A0-411C-49CF-A5C3-E87C108B33FE}
	EndGlobalSection
EndGlobal
